
Microsoft Visual Studio Solution File, Format Version 12.00
# Visual Studio Version 16
VisualStudioVersion = 16.0.28803.352
MinimumVisualStudioVersion = 10.0.40219.1
Project("{9A19103F-16F7-4668-BE54-9A1E7A4F7556}") = "MNISTCSharpSimpleDNN", "MNISTCSharpSimpleDNN\MNISTCSharpSimpleDNN.csproj", "{584BFB8D-F7B9-477D-AFB9-5A25999D5F0E}"
EndProject
Project("{9A19103F-16F7-4668-BE54-9A1E7A4F7556}") = "DNN", "DNN\DNN.csproj", "{87F29E06-CDEA-4B17-9E70-25E6B818B754}"
EndProject
Project("{9A19103F-16F7-4668-BE54-9A1E7A4F7556}") = "DNNTest", "DNNTest\DNNTest.csproj", "{BDF899EF-7EDE-48FC-843F-9AEF5E1A587B}"
EndProject
Project("{2150E333-8FDC-42A3-9474-1A3956D46DE8}") = "Solution Items", "Solution Items", "{2B06515E-6575-4436-95E1-902BA20C8462}"
	ProjectSection(SolutionItems) = preProject
		ReadMe.MD = ReadMe.MD
	EndProjectSection
EndProject
Project("{9A19103F-16F7-4668-BE54-9A1E7A4F7556}") = "CNN", "CNN\CNN.csproj", "{ED475452-EC76-49F3-932F-520501CF45DE}"
EndProject
Project("{9A19103F-16F7-4668-BE54-9A1E7A4F7556}") = "CNNTest", "CNNTest\CNNTest.csproj", "{0CE455A3-8CF0-4A25-8C39-9AAE18E80C25}"
EndProject
Project("{9A19103F-16F7-4668-BE54-9A1E7A4F7556}") = "Utilities", "Utilities\Utilities.csproj", "{D51733B7-F3ED-41EE-95DE-44CC8403A4ED}"
EndProject
Project("{FAE04EC0-301F-11D3-BF4B-00C04F79EFBC}") = "UtilitiesTest", "UtilitiesTest\UtilitiesTest.csproj", "{90226362-2F82-4899-9DAD-6B6ECC170D7A}"
EndProject
Global
	GlobalSection(SolutionConfigurationPlatforms) = preSolution
		Debug|Any CPU = Debug|Any CPU
		Release|Any CPU = Release|Any CPU
	EndGlobalSection
	GlobalSection(ProjectConfigurationPlatforms) = postSolution
		{584BFB8D-F7B9-477D-AFB9-5A25999D5F0E}.Debug|Any CPU.ActiveCfg = Debug|Any CPU
		{584BFB8D-F7B9-477D-AFB9-5A25999D5F0E}.Debug|Any CPU.Build.0 = Debug|Any CPU
		{584BFB8D-F7B9-477D-AFB9-5A25999D5F0E}.Release|Any CPU.ActiveCfg = Release|Any CPU
		{584BFB8D-F7B9-477D-AFB9-5A25999D5F0E}.Release|Any CPU.Build.0 = Release|Any CPU
		{87F29E06-CDEA-4B17-9E70-25E6B818B754}.Debug|Any CPU.ActiveCfg = Debug|Any CPU
		{87F29E06-CDEA-4B17-9E70-25E6B818B754}.Debug|Any CPU.Build.0 = Debug|Any CPU
		{87F29E06-CDEA-4B17-9E70-25E6B818B754}.Release|Any CPU.ActiveCfg = Release|Any CPU
		{87F29E06-CDEA-4B17-9E70-25E6B818B754}.Release|Any CPU.Build.0 = Release|Any CPU
		{BDF899EF-7EDE-48FC-843F-9AEF5E1A587B}.Debug|Any CPU.ActiveCfg = Debug|Any CPU
		{BDF899EF-7EDE-48FC-843F-9AEF5E1A587B}.Debug|Any CPU.Build.0 = Debug|Any CPU
		{BDF899EF-7EDE-48FC-843F-9AEF5E1A587B}.Release|Any CPU.ActiveCfg = Release|Any CPU
		{BDF899EF-7EDE-48FC-843F-9AEF5E1A587B}.Release|Any CPU.Build.0 = Release|Any CPU
		{ED475452-EC76-49F3-932F-520501CF45DE}.Debug|Any CPU.ActiveCfg = Debug|Any CPU
		{ED475452-EC76-49F3-932F-520501CF45DE}.Debug|Any CPU.Build.0 = Debug|Any CPU
		{ED475452-EC76-49F3-932F-520501CF45DE}.Release|Any CPU.ActiveCfg = Release|Any CPU
		{ED475452-EC76-49F3-932F-520501CF45DE}.Release|Any CPU.Build.0 = Release|Any CPU
		{0CE455A3-8CF0-4A25-8C39-9AAE18E80C25}.Debug|Any CPU.ActiveCfg = Debug|Any CPU
		{0CE455A3-8CF0-4A25-8C39-9AAE18E80C25}.Debug|Any CPU.Build.0 = Debug|Any CPU
		{0CE455A3-8CF0-4A25-8C39-9AAE18E80C25}.Release|Any CPU.ActiveCfg = Release|Any CPU
		{0CE455A3-8CF0-4A25-8C39-9AAE18E80C25}.Release|Any CPU.Build.0 = Release|Any CPU
		{D51733B7-F3ED-41EE-95DE-44CC8403A4ED}.Debug|Any CPU.ActiveCfg = Debug|Any CPU
		{D51733B7-F3ED-41EE-95DE-44CC8403A4ED}.Debug|Any CPU.Build.0 = Debug|Any CPU
		{D51733B7-F3ED-41EE-95DE-44CC8403A4ED}.Release|Any CPU.ActiveCfg = Release|Any CPU
		{D51733B7-F3ED-41EE-95DE-44CC8403A4ED}.Release|Any CPU.Build.0 = Release|Any CPU
		{90226362-2F82-4899-9DAD-6B6ECC170D7A}.Debug|Any CPU.ActiveCfg = Debug|Any CPU
		{90226362-2F82-4899-9DAD-6B6ECC170D7A}.Debug|Any CPU.Build.0 = Debug|Any CPU
		{90226362-2F82-4899-9DAD-6B6ECC170D7A}.Release|Any CPU.ActiveCfg = Release|Any CPU
		{90226362-2F82-4899-9DAD-6B6ECC170D7A}.Release|Any CPU.Build.0 = Release|Any CPU
	EndGlobalSection
	GlobalSection(SolutionProperties) = preSolution
		HideSolutionNode = FALSE
	EndGlobalSection
	GlobalSection(ExtensibilityGlobals) = postSolution
		SolutionGuid = {92AB5E66-4442-4416-B35E-E74E7B12D9F1}
	EndGlobalSection
EndGlobal
